// !$*UTF8*$!
{
	archiveVersion = 1;
	classes = {
	};
	objectVersion = 56;
	objects = {

/* Begin PBXBuildFile section */
		68C3FE4A2B2DC6BF00A30A0D /* mahjong_tableApp.swift in Sources */ = {isa = PBXBuildFile; fileRef = 68C3FE492B2DC6BF00A30A0D /* mahjong_tableApp.swift */; };
		68C3FE4C2B2DC6BF00A30A0D /* ContentView.swift in Sources */ = {isa = PBXBuildFile; fileRef = 68C3FE4B2B2DC6BF00A30A0D /* ContentView.swift */; };
		68C3FE4E2B2DC6C100A30A0D /* Assets.xcassets in Resources */ = {isa = PBXBuildFile; fileRef = 68C3FE4D2B2DC6C100A30A0D /* Assets.xcassets */; };
		68C3FE522B2DC6C100A30A0D /* Preview Assets.xcassets in Resources */ = {isa = PBXBuildFile; fileRef = 68C3FE512B2DC6C100A30A0D /* Preview Assets.xcassets */; };
		68C3FE5C2B2DC6C100A30A0D /* mahjong_tableTests.swift in Sources */ = {isa = PBXBuildFile; fileRef = 68C3FE5B2B2DC6C100A30A0D /* mahjong_tableTests.swift */; };
		68C3FE662B2DC6C100A30A0D /* mahjong_tableUITests.swift in Sources */ = {isa = PBXBuildFile; fileRef = 68C3FE652B2DC6C100A30A0D /* mahjong_tableUITests.swift */; };
		68C3FE682B2DC6C100A30A0D /* mahjong_tableUITestsLaunchTests.swift in Sources */ = {isa = PBXBuildFile; fileRef = 68C3FE672B2DC6C100A30A0D /* mahjong_tableUITestsLaunchTests.swift */; };
		68C3FE752B2DCBBF00A30A0D /* .gitignore in Resources */ = {isa = PBXBuildFile; fileRef = 68C3FE742B2DCBBF00A30A0D /* .gitignore */; };
/* End PBXBuildFile section */

/* Begin PBXContainerItemProxy section */
		68C3FE582B2DC6C100A30A0D /* PBXContainerItemProxy */ = {
			isa = PBXContainerItemProxy;
			containerPortal = 68C3FE3E2B2DC6BF00A30A0D /* Project object */;
			proxyType = 1;
			remoteGlobalIDString = 68C3FE452B2DC6BF00A30A0D;
			remoteInfo = mahjong_table;
		};
		68C3FE622B2DC6C100A30A0D /* PBXContainerItemProxy */ = {
			isa = PBXContainerItemProxy;
			containerPortal = 68C3FE3E2B2DC6BF00A30A0D /* Project object */;
			proxyType = 1;
			remoteGlobalIDString = 68C3FE452B2DC6BF00A30A0D;
			remoteInfo = mahjong_table;
		};
/* End PBXContainerItemProxy section */

/* Begin PBXFileReference section */
		68C3FE462B2DC6BF00A30A0D /* mahjong_table.app */ = {isa = PBXFileReference; explicitFileType = wrapper.application; includeInIndex = 0; path = mahjong_table.app; sourceTree = BUILT_PRODUCTS_DIR; };
		68C3FE492B2DC6BF00A30A0D /* mahjong_tableApp.swift */ = {isa = PBXFileReference; lastKnownFileType = sourcecode.swift; path = mahjong_tableApp.swift; sourceTree = "<group>"; };
		68C3FE4B2B2DC6BF00A30A0D /* ContentView.swift */ = {isa = PBXFileReference; lastKnownFileType = sourcecode.swift; path = ContentView.swift; sourceTree = "<group>"; };
		68C3FE4D2B2DC6C100A30A0D /* Assets.xcassets */ = {isa = PBXFileReference; lastKnownFileType = folder.assetcatalog; path = Assets.xcassets; sourceTree = "<group>"; };
		68C3FE4F2B2DC6C100A30A0D /* mahjong_table.entitlements */ = {isa = PBXFileReference; lastKnownFileType = text.plist.entitlements; path = mahjong_table.entitlements; sourceTree = "<group>"; };
		68C3FE512B2DC6C100A30A0D /* Preview Assets.xcassets */ = {isa = PBXFileReference; lastKnownFileType = folder.assetcatalog; path = "Preview Assets.xcassets"; sourceTree = "<group>"; };
		68C3FE572B2DC6C100A30A0D /* mahjong_tableTests.xctest */ = {isa = PBXFileReference; explicitFileType = wrapper.cfbundle; includeInIndex = 0; path = mahjong_tableTests.xctest; sourceTree = BUILT_PRODUCTS_DIR; };
		68C3FE5B2B2DC6C100A30A0D /* mahjong_tableTests.swift */ = {isa = PBXFileReference; lastKnownFileType = sourcecode.swift; path = mahjong_tableTests.swift; sourceTree = "<group>"; };
		68C3FE612B2DC6C100A30A0D /* mahjong_tableUITests.xctest */ = {isa = PBXFileReference; explicitFileType = wrapper.cfbundle; includeInIndex = 0; path = mahjong_tableUITests.xctest; sourceTree = BUILT_PRODUCTS_DIR; };
		68C3FE652B2DC6C100A30A0D /* mahjong_tableUITests.swift */ = {isa = PBXFileReference; lastKnownFileType = sourcecode.swift; path = mahjong_tableUITests.swift; sourceTree = "<group>"; };
		68C3FE672B2DC6C100A30A0D /* mahjong_tableUITestsLaunchTests.swift */ = {isa = PBXFileReference; lastKnownFileType = sourcecode.swift; path = mahjong_tableUITestsLaunchTests.swift; sourceTree = "<group>"; };
		68C3FE742B2DCBBF00A30A0D /* .gitignore */ = {isa = PBXFileReference; lastKnownFileType = text; path = .gitignore; sourceTree = "<group>"; };
/* End PBXFileReference section */

/* Begin PBXFrameworksBuildPhase section */
		68C3FE432B2DC6BF00A30A0D /* Frameworks */ = {
			isa = PBXFrameworksBuildPhase;
			buildActionMask = 2147483647;
			files = (
			);
			runOnlyForDeploymentPostprocessing = 0;
		};
		68C3FE542B2DC6C100A30A0D /* Frameworks */ = {
			isa = PBXFrameworksBuildPhase;
			buildActionMask = 2147483647;
			files = (
			);
			runOnlyForDeploymentPostprocessing = 0;
		};
		68C3FE5E2B2DC6C100A30A0D /* Frameworks */ = {
			isa = PBXFrameworksBuildPhase;
			buildActionMask = 2147483647;
			files = (
			);
			runOnlyForDeploymentPostprocessing = 0;
		};
/* End PBXFrameworksBuildPhase section */

/* Begin PBXGroup section */
		68C3FE3D2B2DC6BF00A30A0D = {
			isa = PBXGroup;
			children = (
				68C3FE742B2DCBBF00A30A0D /* .gitignore */,
				68C3FE482B2DC6BF00A30A0D /* mahjong_table */,
				68C3FE5A2B2DC6C100A30A0D /* mahjong_tableTests */,
				68C3FE642B2DC6C100A30A0D /* mahjong_tableUITests */,
				68C3FE472B2DC6BF00A30A0D /* Products */,
			);
			sourceTree = "<group>";
		};
		68C3FE472B2DC6BF00A30A0D /* Products */ = {
			isa = PBXGroup;
			children = (
				68C3FE462B2DC6BF00A30A0D /* mahjong_table.app */,
				68C3FE572B2DC6C100A30A0D /* mahjong_tableTests.xctest */,
				68C3FE612B2DC6C100A30A0D /* mahjong_tableUITests.xctest */,
			);
			name = Products;
			sourceTree = "<group>";
		};
		68C3FE482B2DC6BF00A30A0D /* mahjong_table */ = {
			isa = PBXGroup;
			children = (
				68C3FE492B2DC6BF00A30A0D /* mahjong_tableApp.swift */,
				68C3FE4B2B2DC6BF00A30A0D /* ContentView.swift */,
				68C3FE4D2B2DC6C100A30A0D /* Assets.xcassets */,
				68C3FE4F2B2DC6C100A30A0D /* mahjong_table.entitlements */,
				68C3FE502B2DC6C100A30A0D /* Preview Content */,
			);
			path = mahjong_table;
			sourceTree = "<group>";
		};
		68C3FE502B2DC6C100A30A0D /* Preview Content */ = {
			isa = PBXGroup;
			children = (
				68C3FE512B2DC6C100A30A0D /* Preview Assets.xcassets */,
			);
			path = "Preview Content";
			sourceTree = "<group>";
		};
		68C3FE5A2B2DC6C100A30A0D /* mahjong_tableTests */ = {
			isa = PBXGroup;
			children = (
				68C3FE5B2B2DC6C100A30A0D /* mahjong_tableTests.swift */,
			);
			path = mahjong_tableTests;
			sourceTree = "<group>";
		};
		68C3FE642B2DC6C100A30A0D /* mahjong_tableUITests */ = {
			isa = PBXGroup;
			children = (
				68C3FE652B2DC6C100A30A0D /* mahjong_tableUITests.swift */,
				68C3FE672B2DC6C100A30A0D /* mahjong_tableUITestsLaunchTests.swift */,
			);
			path = mahjong_tableUITests;
			sourceTree = "<group>";
		};
/* End PBXGroup section */

/* Begin PBXNativeTarget section */
		68C3FE452B2DC6BF00A30A0D /* mahjong_table */ = {
			isa = PBXNativeTarget;
			buildConfigurationList = 68C3FE6B2B2DC6C100A30A0D /* Build configuration list for PBXNativeTarget "mahjong_table" */;
			buildPhases = (
				68C3FE422B2DC6BF00A30A0D /* Sources */,
				68C3FE432B2DC6BF00A30A0D /* Frameworks */,
				68C3FE442B2DC6BF00A30A0D /* Resources */,
			);
			buildRules = (
			);
			dependencies = (
			);
			name = mahjong_table;
			productName = mahjong_table;
			productReference = 68C3FE462B2DC6BF00A30A0D /* mahjong_table.app */;
			productType = "com.apple.product-type.application";
		};
		68C3FE562B2DC6C100A30A0D /* mahjong_tableTests */ = {
			isa = PBXNativeTarget;
			buildConfigurationList = 68C3FE6E2B2DC6C100A30A0D /* Build configuration list for PBXNativeTarget "mahjong_tableTests" */;
			buildPhases = (
				68C3FE532B2DC6C100A30A0D /* Sources */,
				68C3FE542B2DC6C100A30A0D /* Frameworks */,
				68C3FE552B2DC6C100A30A0D /* Resources */,
			);
			buildRules = (
			);
			dependencies = (
				68C3FE592B2DC6C100A30A0D /* PBXTargetDependency */,
			);
			name = mahjong_tableTests;
			productName = mahjong_tableTests;
			productReference = 68C3FE572B2DC6C100A30A0D /* mahjong_tableTests.xctest */;
			productType = "com.apple.product-type.bundle.unit-test";
		};
		68C3FE602B2DC6C100A30A0D /* mahjong_tableUITests */ = {
			isa = PBXNativeTarget;
			buildConfigurationList = 68C3FE712B2DC6C100A30A0D /* Build configuration list for PBXNativeTarget "mahjong_tableUITests" */;
			buildPhases = (
				68C3FE5D2B2DC6C100A30A0D /* Sources */,
				68C3FE5E2B2DC6C100A30A0D /* Frameworks */,
				68C3FE5F2B2DC6C100A30A0D /* Resources */,
			);
			buildRules = (
			);
			dependencies = (
				68C3FE632B2DC6C100A30A0D /* PBXTargetDependency */,
			);
			name = mahjong_tableUITests;
			productName = mahjong_tableUITests;
			productReference = 68C3FE612B2DC6C100A30A0D /* mahjong_tableUITests.xctest */;
			productType = "com.apple.product-type.bundle.ui-testing";
		};
/* End PBXNativeTarget section */

/* Begin PBXProject section */
		68C3FE3E2B2DC6BF00A30A0D /* Project object */ = {
			isa = PBXProject;
			attributes = {
				BuildIndependentTargetsInParallel = 1;
				LastSwiftUpdateCheck = 1500;
				LastUpgradeCheck = 1500;
				TargetAttributes = {
					68C3FE452B2DC6BF00A30A0D = {
						CreatedOnToolsVersion = 15.0.1;
					};
					68C3FE562B2DC6C100A30A0D = {
						CreatedOnToolsVersion = 15.0.1;
						TestTargetID = 68C3FE452B2DC6BF00A30A0D;
					};
					68C3FE602B2DC6C100A30A0D = {
						CreatedOnToolsVersion = 15.0.1;
						TestTargetID = 68C3FE452B2DC6BF00A30A0D;
					};
				};
			};
			buildConfigurationList = 68C3FE412B2DC6BF00A30A0D /* Build configuration list for PBXProject "mahjong_table" */;
			compatibilityVersion = "Xcode 14.0";
			developmentRegion = en;
			hasScannedForEncodings = 0;
			knownRegions = (
				en,
				Base,
			);
			mainGroup = 68C3FE3D2B2DC6BF00A30A0D;
			productRefGroup = 68C3FE472B2DC6BF00A30A0D /* Products */;
			projectDirPath = "";
			projectRoot = "";
			targets = (
				68C3FE452B2DC6BF00A30A0D /* mahjong_table */,
				68C3FE562B2DC6C100A30A0D /* mahjong_tableTests */,
				68C3FE602B2DC6C100A30A0D /* mahjong_tableUITests */,
			);
		};
/* End PBXProject section */

/* Begin PBXResourcesBuildPhase section */
		68C3FE442B2DC6BF00A30A0D /* Resources */ = {
			isa = PBXResourcesBuildPhase;
			buildActionMask = 2147483647;
			files = (
				68C3FE522B2DC6C100A30A0D /* Preview Assets.xcassets in Resources */,
				68C3FE752B2DCBBF00A30A0D /* .gitignore in Resources */,
				68C3FE4E2B2DC6C100A30A0D /* Assets.xcassets in Resources */,
			);
			runOnlyForDeploymentPostprocessing = 0;
		};
		68C3FE552B2DC6C100A30A0D /* Resources */ = {
			isa = PBXResourcesBuildPhase;
			buildActionMask = 2147483647;
			files = (
			);
			runOnlyForDeploymentPostprocessing = 0;
		};
		68C3FE5F2B2DC6C100A30A0D /* Resources */ = {
			isa = PBXResourcesBuildPhase;
			buildActionMask = 2147483647;
			files = (
			);
			runOnlyForDeploymentPostprocessing = 0;
		};
/* End PBXResourcesBuildPhase section */

/* Begin PBXSourcesBuildPhase section */
		68C3FE422B2DC6BF00A30A0D /* Sources */ = {
			isa = PBXSourcesBuildPhase;
			buildActionMask = 2147483647;
			files = (
				68C3FE4C2B2DC6BF00A30A0D /* ContentView.swift in Sources */,
				68C3FE4A2B2DC6BF00A30A0D /* mahjong_tableApp.swift in Sources */,
			);
			runOnlyForDeploymentPostprocessing = 0;
		};
		68C3FE532B2DC6C100A30A0D /* Sources */ = {
			isa = PBXSourcesBuildPhase;
			buildActionMask = 2147483647;
			files = (
				68C3FE5C2B2DC6C100A30A0D /* mahjong_tableTests.swift in Sources */,
			);
			runOnlyForDeploymentPostprocessing = 0;
		};
		68C3FE5D2B2DC6C100A30A0D /* Sources */ = {
			isa = PBXSourcesBuildPhase;
			buildActionMask = 2147483647;
			files = (
				68C3FE682B2DC6C100A30A0D /* mahjong_tableUITestsLaunchTests.swift in Sources */,
				68C3FE662B2DC6C100A30A0D /* mahjong_tableUITests.swift in Sources */,
			);
			runOnlyForDeploymentPostprocessing = 0;
		};
/* End PBXSourcesBuildPhase section */

/* Begin PBXTargetDependency section */
		68C3FE592B2DC6C100A30A0D /* PBXTargetDependency */ = {
			isa = PBXTargetDependency;
			target = 68C3FE452B2DC6BF00A30A0D /* mahjong_table */;
			targetProxy = 68C3FE582B2DC6C100A30A0D /* PBXContainerItemProxy */;
		};
		68C3FE632B2DC6C100A30A0D /* PBXTargetDependency */ = {
			isa = PBXTargetDependency;
			target = 68C3FE452B2DC6BF00A30A0D /* mahjong_table */;
			targetProxy = 68C3FE622B2DC6C100A30A0D /* PBXContainerItemProxy */;
		};
/* End PBXTargetDependency section */

/* Begin XCBuildConfiguration section */
		68C3FE692B2DC6C100A30A0D /* Debug */ = {
			isa = XCBuildConfiguration;
			buildSettings = {
				ALWAYS_SEARCH_USER_PATHS = NO;
				ASSETCATALOG_COMPILER_GENERATE_SWIFT_ASSET_SYMBOL_EXTENSIONS = YES;
				CLANG_ANALYZER_NONNULL = YES;
				CLANG_ANALYZER_NUMBER_OBJECT_CONVERSION = YES_AGGRESSIVE;
				CLANG_CXX_LANGUAGE_STANDARD = "gnu++20";
				CLANG_ENABLE_MODULES = YES;
				CLANG_ENABLE_OBJC_ARC = YES;
				CLANG_ENABLE_OBJC_WEAK = YES;
				CLANG_WARN_BLOCK_CAPTURE_AUTORELEASING = YES;
				CLANG_WARN_BOOL_CONVERSION = YES;
				CLANG_WARN_COMMA = YES;
				CLANG_WARN_CONSTANT_CONVERSION = YES;
				CLANG_WARN_DEPRECATED_OBJC_IMPLEMENTATIONS = YES;
				CLANG_WARN_DIRECT_OBJC_ISA_USAGE = YES_ERROR;
				CLANG_WARN_DOCUMENTATION_COMMENTS = YES;
				CLANG_WARN_EMPTY_BODY = YES;
				CLANG_WARN_ENUM_CONVERSION = YES;
				CLANG_WARN_INFINITE_RECURSION = YES;
				CLANG_WARN_INT_CONVERSION = YES;
				CLANG_WARN_NON_LITERAL_NULL_CONVERSION = YES;
				CLANG_WARN_OBJC_IMPLICIT_RETAIN_SELF = YES;
				CLANG_WARN_OBJC_LITERAL_CONVERSION = YES;
				CLANG_WARN_OBJC_ROOT_CLASS = YES_ERROR;
				CLANG_WARN_QUOTED_INCLUDE_IN_FRAMEWORK_HEADER = YES;
				CLANG_WARN_RANGE_LOOP_ANALYSIS = YES;
				CLANG_WARN_STRICT_PROTOTYPES = YES;
				CLANG_WARN_SUSPICIOUS_MOVE = YES;
				CLANG_WARN_UNGUARDED_AVAILABILITY = YES_AGGRESSIVE;
				CLANG_WARN_UNREACHABLE_CODE = YES;
				CLANG_WARN__DUPLICATE_METHOD_MATCH = YES;
				COPY_PHASE_STRIP = NO;
				DEBUG_INFORMATION_FORMAT = dwarf;
				ENABLE_STRICT_OBJC_MSGSEND = YES;
				ENABLE_TESTABILITY = YES;
				ENABLE_USER_SCRIPT_SANDBOXING = YES;
				GCC_C_LANGUAGE_STANDARD = gnu17;
				GCC_DYNAMIC_NO_PIC = NO;
				GCC_NO_COMMON_BLOCKS = YES;
				GCC_OPTIMIZATION_LEVEL = 0;
				GCC_PREPROCESSOR_DEFINITIONS = (
					"DEBUG=1",
					"$(inherited)",
				);
				GCC_WARN_64_TO_32_BIT_CONVERSION = YES;
				GCC_WARN_ABOUT_RETURN_TYPE = YES_ERROR;
				GCC_WARN_UNDECLARED_SELECTOR = YES;
				GCC_WARN_UNINITIALIZED_AUTOS = YES_AGGRESSIVE;
				GCC_WARN_UNUSED_FUNCTION = YES;
				GCC_WARN_UNUSED_VARIABLE = YES;
				LOCALIZATION_PREFERS_STRING_CATALOGS = YES;
				MTL_ENABLE_DEBUG_INFO = INCLUDE_SOURCE;
				MTL_FAST_MATH = YES;
				ONLY_ACTIVE_ARCH = YES;
				SWIFT_ACTIVE_COMPILATION_CONDITIONS = "DEBUG $(inherited)";
				SWIFT_OPTIMIZATION_LEVEL = "-Onone";
			};
			name = Debug;
		};
		68C3FE6A2B2DC6C100A30A0D /* Release */ = {
			isa = XCBuildConfiguration;
			buildSettings = {
				ALWAYS_SEARCH_USER_PATHS = NO;
				ASSETCATALOG_COMPILER_GENERATE_SWIFT_ASSET_SYMBOL_EXTENSIONS = YES;
				CLANG_ANALYZER_NONNULL = YES;
				CLANG_ANALYZER_NUMBER_OBJECT_CONVERSION = YES_AGGRESSIVE;
				CLANG_CXX_LANGUAGE_STANDARD = "gnu++20";
				CLANG_ENABLE_MODULES = YES;
				CLANG_ENABLE_OBJC_ARC = YES;
				CLANG_ENABLE_OBJC_WEAK = YES;
				CLANG_WARN_BLOCK_CAPTURE_AUTORELEASING = YES;
				CLANG_WARN_BOOL_CONVERSION = YES;
				CLANG_WARN_COMMA = YES;
				CLANG_WARN_CONSTANT_CONVERSION = YES;
				CLANG_WARN_DEPRECATED_OBJC_IMPLEMENTATIONS = YES;
				CLANG_WARN_DIRECT_OBJC_ISA_USAGE = YES_ERROR;
				CLANG_WARN_DOCUMENTATION_COMMENTS = YES;
				CLANG_WARN_EMPTY_BODY = YES;
				CLANG_WARN_ENUM_CONVERSION = YES;
				CLANG_WARN_INFINITE_RECURSION = YES;
				CLANG_WARN_INT_CONVERSION = YES;
				CLANG_WARN_NON_LITERAL_NULL_CONVERSION = YES;
				CLANG_WARN_OBJC_IMPLICIT_RETAIN_SELF = YES;
				CLANG_WARN_OBJC_LITERAL_CONVERSION = YES;
				CLANG_WARN_OBJC_ROOT_CLASS = YES_ERROR;
				CLANG_WARN_QUOTED_INCLUDE_IN_FRAMEWORK_HEADER = YES;
				CLANG_WARN_RANGE_LOOP_ANALYSIS = YES;
				CLANG_WARN_STRICT_PROTOTYPES = YES;
				CLANG_WARN_SUSPICIOUS_MOVE = YES;
				CLANG_WARN_UNGUARDED_AVAILABILITY = YES_AGGRESSIVE;
				CLANG_WARN_UNREACHABLE_CODE = YES;
				CLANG_WARN__DUPLICATE_METHOD_MATCH = YES;
				COPY_PHASE_STRIP = NO;
				DEBUG_INFORMATION_FORMAT = "dwarf-with-dsym";
				ENABLE_NS_ASSERTIONS = NO;
				ENABLE_STRICT_OBJC_MSGSEND = YES;
				ENABLE_USER_SCRIPT_SANDBOXING = YES;
				GCC_C_LANGUAGE_STANDARD = gnu17;
				GCC_NO_COMMON_BLOCKS = YES;
				GCC_WARN_64_TO_32_BIT_CONVERSION = YES;
				GCC_WARN_ABOUT_RETURN_TYPE = YES_ERROR;
				GCC_WARN_UNDECLARED_SELECTOR = YES;
				GCC_WARN_UNINITIALIZED_AUTOS = YES_AGGRESSIVE;
				GCC_WARN_UNUSED_FUNCTION = YES;
				GCC_WARN_UNUSED_VARIABLE = YES;
				LOCALIZATION_PREFERS_STRING_CATALOGS = YES;
				MTL_ENABLE_DEBUG_INFO = NO;
				MTL_FAST_MATH = YES;
				SWIFT_COMPILATION_MODE = wholemodule;
			};
			name = Release;
		};
		68C3FE6C2B2DC6C100A30A0D /* Debug */ = {
			isa = XCBuildConfiguration;
			buildSettings = {
				ASSETCATALOG_COMPILER_APPICON_NAME = AppIcon;
				ASSETCATALOG_COMPILER_GLOBAL_ACCENT_COLOR_NAME = AccentColor;
				CODE_SIGN_ENTITLEMENTS = mahjong_table/mahjong_table.entitlements;
				CODE_SIGN_STYLE = Automatic;
				CURRENT_PROJECT_VERSION = 1;
				DEVELOPMENT_ASSET_PATHS = "\"mahjong_table/Preview Content\"";
				ENABLE_PREVIEWS = YES;
				GENERATE_INFOPLIST_FILE = YES;
				"INFOPLIST_KEY_UIApplicationSceneManifest_Generation[sdk=iphoneos*]" = YES;
				"INFOPLIST_KEY_UIApplicationSceneManifest_Generation[sdk=iphonesimulator*]" = YES;
				"INFOPLIST_KEY_UIApplicationSupportsIndirectInputEvents[sdk=iphoneos*]" = YES;
				"INFOPLIST_KEY_UIApplicationSupportsIndirectInputEvents[sdk=iphonesimulator*]" = YES;
				"INFOPLIST_KEY_UILaunchScreen_Generation[sdk=iphoneos*]" = YES;
				"INFOPLIST_KEY_UILaunchScreen_Generation[sdk=iphonesimulator*]" = YES;
				"INFOPLIST_KEY_UIStatusBarStyle[sdk=iphoneos*]" = UIStatusBarStyleDefault;
				"INFOPLIST_KEY_UIStatusBarStyle[sdk=iphonesimulator*]" = UIStatusBarStyleDefault;
				INFOPLIST_KEY_UISupportedInterfaceOrientations_iPad = "UIInterfaceOrientationPortrait UIInterfaceOrientationPortraitUpsideDown UIInterfaceOrientationLandscapeLeft UIInterfaceOrientationLandscapeRight";
				INFOPLIST_KEY_UISupportedInterfaceOrientations_iPhone = "UIInterfaceOrientationPortrait UIInterfaceOrientationLandscapeLeft UIInterfaceOrientationLandscapeRight";
				IPHONEOS_DEPLOYMENT_TARGET = 17.0;
				LD_RUNPATH_SEARCH_PATHS = "@executable_path/Frameworks";
				"LD_RUNPATH_SEARCH_PATHS[sdk=macosx*]" = "@executable_path/../Frameworks";
				MACOSX_DEPLOYMENT_TARGET = 14.0;
				MARKETING_VERSION = 1.0;
				PRODUCT_BUNDLE_IDENTIFIER = "com.chanamad.mahjong-table";
				PRODUCT_NAME = "$(TARGET_NAME)";
				SDKROOT = auto;
				SUPPORTED_PLATFORMS = "iphoneos iphonesimulator macosx";
				SWIFT_EMIT_LOC_STRINGS = YES;
				SWIFT_VERSION = 5.0;
				TARGETED_DEVICE_FAMILY = "1,2";
			};
			name = Debug;
		};
		68C3FE6D2B2DC6C100A30A0D /* Release */ = {
			isa = XCBuildConfiguration;
			buildSettings = {
				ASSETCATALOG_COMPILER_APPICON_NAME = AppIcon;
				ASSETCATALOG_COMPILER_GLOBAL_ACCENT_COLOR_NAME = AccentColor;
				CODE_SIGN_ENTITLEMENTS = mahjong_table/mahjong_table.entitlements;
				CODE_SIGN_STYLE = Automatic;
				CURRENT_PROJECT_VERSION = 1;
				DEVELOPMENT_ASSET_PATHS = "\"mahjong_table/Preview Content\"";
				ENABLE_PREVIEWS = YES;
				GENERATE_INFOPLIST_FILE = YES;
				"INFOPLIST_KEY_UIApplicationSceneManifest_Generation[sdk=iphoneos*]" = YES;
				"INFOPLIST_KEY_UIApplicationSceneManifest_Generation[sdk=iphonesimulator*]" = YES;
				"INFOPLIST_KEY_UIApplicationSupportsIndirectInputEvents[sdk=iphoneos*]" = YES;
				"INFOPLIST_KEY_UIApplicationSupportsIndirectInputEvents[sdk=iphonesimulator*]" = YES;
				"INFOPLIST_KEY_UILaunchScreen_Generation[sdk=iphoneos*]" = YES;
				"INFOPLIST_KEY_UILaunchScreen_Generation[sdk=iphonesimulator*]" = YES;
				"INFOPLIST_KEY_UIStatusBarStyle[sdk=iphoneos*]" = UIStatusBarStyleDefault;
				"INFOPLIST_KEY_UIStatusBarStyle[sdk=iphonesimulator*]" = UIStatusBarStyleDefault;
				INFOPLIST_KEY_UISupportedInterfaceOrientations_iPad = "UIInterfaceOrientationPortrait UIInterfaceOrientationPortraitUpsideDown UIInterfaceOrientationLandscapeLeft UIInterfaceOrientationLandscapeRight";
				INFOPLIST_KEY_UISupportedInterfaceOrientations_iPhone = "UIInterfaceOrientationPortrait UIInterfaceOrientationLandscapeLeft UIInterfaceOrientationLandscapeRight";
				IPHONEOS_DEPLOYMENT_TARGET = 17.0;
				LD_RUNPATH_SEARCH_PATHS = "@executable_path/Frameworks";
				"LD_RUNPATH_SEARCH_PATHS[sdk=macosx*]" = "@executable_path/../Frameworks";
				MACOSX_DEPLOYMENT_TARGET = 14.0;
				MARKETING_VERSION = 1.0;
				PRODUCT_BUNDLE_IDENTIFIER = "com.chanamad.mahjong-table";
				PRODUCT_NAME = "$(TARGET_NAME)";
				SDKROOT = auto;
				SUPPORTED_PLATFORMS = "iphoneos iphonesimulator macosx";
				SWIFT_EMIT_LOC_STRINGS = YES;
				SWIFT_VERSION = 5.0;
				TARGETED_DEVICE_FAMILY = "1,2";
			};
			name = Release;
		};
		68C3FE6F2B2DC6C100A30A0D /* Debug */ = {
			isa = XCBuildConfiguration;
			buildSettings = {
				ALWAYS_EMBED_SWIFT_STANDARD_LIBRARIES = YES;
				BUNDLE_LOADER = "$(TEST_HOST)";
				CODE_SIGN_STYLE = Automatic;
				CURRENT_PROJECT_VERSION = 1;
				GENERATE_INFOPLIST_FILE = YES;
				IPHONEOS_DEPLOYMENT_TARGET = 17.0;
				MACOSX_DEPLOYMENT_TARGET = 14.0;
				MARKETING_VERSION = 1.0;
				PRODUCT_BUNDLE_IDENTIFIER = "com.chanamad.mahjong-tableTests";
				PRODUCT_NAME = "$(TARGET_NAME)";
				SDKROOT = auto;
				SUPPORTED_PLATFORMS = "iphoneos iphonesimulator macosx";
				SWIFT_EMIT_LOC_STRINGS = NO;
				SWIFT_VERSION = 5.0;
				TARGETED_DEVICE_FAMILY = "1,2";
				TEST_HOST = "$(BUILT_PRODUCTS_DIR)/mahjong_table.app/$(BUNDLE_EXECUTABLE_FOLDER_PATH)/mahjong_table";
			};
			name = Debug;
		};
		68C3FE702B2DC6C100A30A0D /* Release */ = {
			isa = XCBuildConfiguration;
			buildSettings = {
				ALWAYS_EMBED_SWIFT_STANDARD_LIBRARIES = YES;
				BUNDLE_LOADER = "$(TEST_HOST)";
				CODE_SIGN_STYLE = Automatic;
				CURRENT_PROJECT_VERSION = 1;
				GENERATE_INFOPLIST_FILE = YES;
				IPHONEOS_DEPLOYMENT_TARGET = 17.0;
				MACOSX_DEPLOYMENT_TARGET = 14.0;
				MARKETING_VERSION = 1.0;
				PRODUCT_BUNDLE_IDENTIFIER = "com.chanamad.mahjong-tableTests";
				PRODUCT_NAME = "$(TARGET_NAME)";
				SDKROOT = auto;
				SUPPORTED_PLATFORMS = "iphoneos iphonesimulator macosx";
				SWIFT_EMIT_LOC_STRINGS = NO;
				SWIFT_VERSION = 5.0;
				TARGETED_DEVICE_FAMILY = "1,2";
				TEST_HOST = "$(BUILT_PRODUCTS_DIR)/mahjong_table.app/$(BUNDLE_EXECUTABLE_FOLDER_PATH)/mahjong_table";
			};
			name = Release;
		};
		68C3FE722B2DC6C100A30A0D /* Debug */ = {
			isa = XCBuildConfiguration;
			buildSettings = {
				ALWAYS_EMBED_SWIFT_STANDARD_LIBRARIES = YES;
				CODE_SIGN_STYLE = Automatic;
				CURRENT_PROJECT_VERSION = 1;
				GENERATE_INFOPLIST_FILE = YES;
				IPHONEOS_DEPLOYMENT_TARGET = 17.0;
				MACOSX_DEPLOYMENT_TARGET = 14.0;
				MARKETING_VERSION = 1.0;
				PRODUCT_BUNDLE_IDENTIFIER = "com.chanamad.mahjong-tableUITests";
				PRODUCT_NAME = "$(TARGET_NAME)";
				SDKROOT = auto;
				SUPPORTED_PLATFORMS = "iphoneos iphonesimulator macosx";
				SWIFT_EMIT_LOC_STRINGS = NO;
				SWIFT_VERSION = 5.0;
				TARGETED_DEVICE_FAMILY = "1,2";
				TEST_TARGET_NAME = mahjong_table;
			};
			name = Debug;
		};
		68C3FE732B2DC6C100A30A0D /* Release */ = {
			isa = XCBuildConfiguration;
			buildSettings = {
				ALWAYS_EMBED_SWIFT_STANDARD_LIBRARIES = YES;
				CODE_SIGN_STYLE = Automatic;
				CURRENT_PROJECT_VERSION = 1;
				GENERATE_INFOPLIST_FILE = YES;
				IPHONEOS_DEPLOYMENT_TARGET = 17.0;
				MACOSX_DEPLOYMENT_TARGET = 14.0;
				MARKETING_VERSION = 1.0;
				PRODUCT_BUNDLE_IDENTIFIER = "com.chanamad.mahjong-tableUITests";
				PRODUCT_NAME = "$(TARGET_NAME)";
				SDKROOT = auto;
				SUPPORTED_PLATFORMS = "iphoneos iphonesimulator macosx";
				SWIFT_EMIT_LOC_STRINGS = NO;
				SWIFT_VERSION = 5.0;
				TARGETED_DEVICE_FAMILY = "1,2";
				TEST_TARGET_NAME = mahjong_table;
			};
			name = Release;
		};
/* End XCBuildConfiguration section */

/* Begin XCConfigurationList section */
		68C3FE412B2DC6BF00A30A0D /* Build configuration list for PBXProject "mahjong_table" */ = {
			isa = XCConfigurationList;
			buildConfigurations = (
				68C3FE692B2DC6C100A30A0D /* Debug */,
				68C3FE6A2B2DC6C100A30A0D /* Release */,
			);
			defaultConfigurationIsVisible = 0;
			defaultConfigurationName = Release;
		};
		68C3FE6B2B2DC6C100A30A0D /* Build configuration list for PBXNativeTarget "mahjong_table" */ = {
			isa = XCConfigurationList;
			buildConfigurations = (
				68C3FE6C2B2DC6C100A30A0D /* Debug */,
				68C3FE6D2B2DC6C100A30A0D /* Release */,
			);
			defaultConfigurationIsVisible = 0;
			defaultConfigurationName = Release;
		};
		68C3FE6E2B2DC6C100A30A0D /* Build configuration list for PBXNativeTarget "mahjong_tableTests" */ = {
			isa = XCConfigurationList;
			buildConfigurations = (
				68C3FE6F2B2DC6C100A30A0D /* Debug */,
				68C3FE702B2DC6C100A30A0D /* Release */,
			);
			defaultConfigurationIsVisible = 0;
			defaultConfigurationName = Release;
		};
		68C3FE712B2DC6C100A30A0D /* Build configuration list for PBXNativeTarget "mahjong_tableUITests" */ = {
			isa = XCConfigurationList;
			buildConfigurations = (
				68C3FE722B2DC6C100A30A0D /* Debug */,
				68C3FE732B2DC6C100A30A0D /* Release */,
			);
			defaultConfigurationIsVisible = 0;
			defaultConfigurationName = Release;
		};
/* End XCConfigurationList section */
	};
	rootObject = 68C3FE3E2B2DC6BF00A30A0D /* Project object */;
}
